
Microsoft Visual Studio Solution File, Format Version 12.00
# Visual Studio 15
VisualStudioVersion = 15.0.28307.572
MinimumVisualStudioVersion = 10.0.40219.1
Project("{FAE04EC0-301F-11D3-BF4B-00C04F79EFBC}") = "CommunicatingControls", "CommunicatingControls\CommunicatingControls.csproj", "{6524656E-FF99-4EB9-AB66-333D252F1E24}"
EndProject
Global
	GlobalSection(SolutionConfigurationPlatforms) = preSolution
		Debug|Any CPU = Debug|Any CPU
		Release|Any CPU = Release|Any CPU
	EndGlobalSection
	GlobalSection(ProjectConfigurationPlatforms) = postSolution
		{6524656E-FF99-4EB9-AB66-333D252F1E24}.Debug|Any CPU.ActiveCfg = Debug|Any CPU
		{6524656E-FF99-4EB9-AB66-333D252F1E24}.Debug|Any CPU.Build.0 = Debug|Any CPU
		{6524656E-FF99-4EB9-AB66-333D252F1E24}.Release|Any CPU.ActiveCfg = Release|Any CPU
		{6524656E-FF99-4EB9-AB66-333D252F1E24}.Release|Any CPU.Build.0 = Release|Any CPU
	EndGlobalSection
	GlobalSection(SolutionProperties) = preSolution
		HideSolutionNode = FALSE
	EndGlobalSection
	GlobalSection(ExtensibilityGlobals) = postSolution
		SolutionGuid = {C19678E2-F7FE-4F5B-B300-04847A08E5D6}
	EndGlobalSection
EndGlobal
